{
  "requires": true,
  "lockfileVersion": 1,
  "dependencies": {
    "@fontsource/open-sans": {
      "version": "4.5.4",
      "resolved": "https://registry.npmjs.org/@fontsource/open-sans/-/open-sans-4.5.4.tgz",
      "integrity": "sha512-iaEuU7l3VGA/bqWW9UsBD2bgFwCwDFwKlmOUft4Jps3pD3Zc9POMNYV0+mNyKbA4OIcIice32l+BMif8vY6pdg=="
    },
    "@fontsource/raleway": {
      "version": "4.5.2",
      "resolved": "https://registry.npmjs.org/@fontsource/raleway/-/raleway-4.5.2.tgz",
      "integrity": "sha512-PH2h2+080pp9p2a53GL9aVZKfRypyL1Tv+j0DXIJb5Ds/paNqE2R68DyY5N1lL+67nvJYFdswHtnTvwcFFp2Iw=="
    },
    "@juggle/resize-observer": {
      "version": "3.3.1",
      "resolved": "https://registry.npmjs.org/@juggle/resize-observer/-/resize-observer-3.3.1.tgz",
      "integrity": "sha512-zMM9Ds+SawiUkakS7y94Ymqx+S0ORzpG3frZirN3l+UlXUmSUR7hF4wxCVqW+ei94JzV5kt0uXBcoOEAuiydrw=="
    },
    "axios": {
      "version": "0.25.0",
      "resolved": "https://registry.npmjs.org/axios/-/axios-0.25.0.tgz",
      "integrity": "sha512-cD8FOb0tRH3uuEe6+evtAbgJtfxr7ly3fQjYcMcuPlgkwVS9xboaVIpcDV+cYQe+yGykgwZCs1pzjntcGa6l5g==",
      "requires": {
        "follow-redirects": "^1.14.7"
      }
    },
    "axios-delay": {
      "version": "1.0.0-rc6",
      "resolved": "https://registry.npmjs.org/axios-delay/-/axios-delay-1.0.0-rc6.tgz",
      "integrity": "sha512-l52QkvPb3/T1b5NqyjhXt3LU5lkYOSn0AFb9tXI8qApBv9kGvLQj0PG69s7T9aVtJDMsKakekIMNhJMyXzTJZg==",
      "requires": {
        "axios": "^0.18.0"
      },
      "dependencies": {
        "axios": {
          "version": "0.18.1",
          "resolved": "https://registry.npmjs.org/axios/-/axios-0.18.1.tgz",
          "integrity": "sha512-0BfJq4NSfQXd+SkFdrvFbG7addhYSBA2mQwISr46pD6E5iqkWg02RAs8vyTT/j0RTnoYmeXauBuSv1qKwR179g==",
          "requires": {
            "follow-redirects": "1.5.10",
            "is-buffer": "^2.0.2"
          }
        },
        "follow-redirects": {
          "version": "1.5.10",
          "resolved": "https://registry.npmjs.org/follow-redirects/-/follow-redirects-1.5.10.tgz",
          "integrity": "sha512-0V5l4Cizzvqt5D44aTXbFZz+FtyXV1vrDN6qrelxtfYQKW0KO0W2T/hkE8xvGa/540LkZlkaUjO4ailYTFtHVQ==",
          "requires": {
            "debug": "=3.1.0"
          }
        }
      }
    },
    "debug": {
      "version": "3.1.0",
      "resolved": "https://registry.npmjs.org/debug/-/debug-3.1.0.tgz",
      "integrity": "sha512-OX8XqP7/1a9cqkxYw2yXss15f26NKWBpDXQd0/uK/KPqdQhxbPa994hnzjcE2VqQpDslf55723cKPUOGSmMY3g==",
      "requires": {
        "ms": "2.0.0"
      }
    },
    "eventemitter3": {
      "version": "3.1.2",
      "resolved": "https://registry.npmjs.org/eventemitter3/-/eventemitter3-3.1.2.tgz",
      "integrity": "sha512-tvtQIeLVHjDkJYnzf2dgVMxfuSGJeM/7UCG17TT4EumTfNtF+0nebF/4zWOIkCreAbtNqhGEboB6BWrwqNaw4Q=="
    },
    "follow-redirects": {
      "version": "1.14.7",
      "resolved": "https://registry.npmjs.org/follow-redirects/-/follow-redirects-1.14.7.tgz",
      "integrity": "sha512-+hbxoLbFMbRKDwohX8GkTataGqO6Jb7jGwpAlwgy2bIz25XtRm7KEzJM76R1WiNT5SwZkX4Y75SwBolkpmE7iQ=="
    },
    "fontfaceobserver": {
      "version": "2.1.0",
      "resolved": "https://registry.npmjs.org/fontfaceobserver/-/fontfaceobserver-2.1.0.tgz",
      "integrity": "sha512-ReOsO2F66jUa0jmv2nlM/s1MiutJx/srhAe2+TE8dJCMi02ZZOcCTxTCQFr3Yet+uODUtnr4Mewg+tNQ+4V1Ng=="
    },
    "framer": {
      "version": "2.0.0",
      "resolved": "https://registry.npmjs.org/framer/-/framer-2.0.0.tgz",
      "integrity": "sha512-raN8p8JIkUpiDZdAecx9LfwRVYaWZdUlAMdBsjJvEikehjYSp1bbe93zky/W372H0IVEGjYksup+M4HEogg6EQ==",
      "requires": {
        "@juggle/resize-observer": "^3.3.1",
        "eventemitter3": "^3.1.0",
        "fontfaceobserver": "^2.1.0",
        "hoist-non-react-statics": "^2.5.0",
        "hsluv": "^0.0.3"
      }
    },
    "gsap": {
      "version": "3.9.1",
      "resolved": "https://registry.npmjs.org/gsap/-/gsap-3.9.1.tgz",
      "integrity": "sha512-JSGVYoC6da4pIjdF/yxFU6Rz8OojOIDkbooveZlfNg0+JIoFoRruyfWAEi6R/gUeNcuOiTqUIb0gi1nCNrHf8w=="
    },
    "hoist-non-react-statics": {
      "version": "2.5.5",
      "resolved": "https://registry.npmjs.org/hoist-non-react-statics/-/hoist-non-react-statics-2.5.5.tgz",
      "integrity": "sha512-rqcy4pJo55FTTLWt+bU8ukscqHeE/e9KWvsOW2b/a3afxQZhwkQdT1rPPCJ0rYXdj4vNcasY8zHTH+jF/qStxw=="
    },
    "hsluv": {
      "version": "0.0.3",
      "resolved": "https://registry.npmjs.org/hsluv/-/hsluv-0.0.3.tgz",
      "integrity": "sha1-gpEH2vtKn4tSoYCe0C4JHq3mdUw="
    },
    "is-buffer": {
      "version": "2.0.5",
      "resolved": "https://registry.npmjs.org/is-buffer/-/is-buffer-2.0.5.tgz",
      "integrity": "sha512-i2R6zNFDwgEHJyQUtJEk0XFi1i0dPFn/oqjK3/vPCcDeJvW5NQ83V8QbicfF1SupOaB0h8ntgBC2YiE7dfyctQ=="
    },
    "ms": {
      "version": "2.0.0",
      "resolved": "https://registry.npmjs.org/ms/-/ms-2.0.0.tgz",
      "integrity": "sha1-VgiurfwAvmwpAd9fmGF4jeDVl8g="
    },
    "react-card-rotate-swiper": {
      "version": "0.0.14",
      "resolved": "https://registry.npmjs.org/react-card-rotate-swiper/-/react-card-rotate-swiper-0.0.14.tgz",
      "integrity": "sha512-jVQjX55NTNbVrmZC7tVczY7ee4er69tZCWYjYrY4CIGVMdRFJa+G+bErbOrIMiG3Ri7BIIDXC6V1uf7xMqQiuQ==",
      "requires": {
        "gsap": "^3.8.0"
      }
    },
    "react-loader-spinner": {
      "version": "5.1.2",
      "resolved": "https://registry.npmjs.org/react-loader-spinner/-/react-loader-spinner-5.1.2.tgz",
      "integrity": "sha512-uQ6bKEjvTrvTUcBW79dSiCTdtPf+6XOYWhOqDRByMb1SkiUtxctkQZvSu7dnPAE8J5j554KSFnnjOhOoWrJrxg=="
    }
  }
}
