{
  "name": "Spotability",
  "lockfileVersion": 2,
  "requires": true,
  "packages": {
    "": {
      "dependencies": {
        "@fontsource/open-sans": "^4.5.4",
        "@fontsource/raleway": "^4.5.2",
        "axios": "^0.25.0",
        "axios-delay": "^1.0.0-rc6",
        "framer": "^2.0.0",
        "pure-react-carousel": "^1.28.1",
        "react-card-rotate-swiper": "0.0.14",
        "react-loader-spinner": "^5.1.2"
      },
      "devDependencies": {
        "react-multi-carousel": "^2.8.0"
      }
    },
    "node_modules/@babel/runtime": {
      "version": "7.17.2",
      "resolved": "https://registry.npmjs.org/@babel/runtime/-/runtime-7.17.2.tgz",
      "integrity": "sha512-hzeyJyMA1YGdJTuWU0e/j4wKXrU4OMFvY2MSlaI9B7VQb0r5cxTE3EAIS2Q7Tn2RIcDkRvTA/v2JsAEhxe99uw==",
      "dependencies": {
        "regenerator-runtime": "^0.13.4"
      },
      "engines": {
        "node": ">=6.9.0"
      }
    },
    "node_modules/@fontsource/open-sans": {
      "version": "4.5.4",
      "resolved": "https://registry.npmjs.org/@fontsource/open-sans/-/open-sans-4.5.4.tgz",
      "integrity": "sha512-iaEuU7l3VGA/bqWW9UsBD2bgFwCwDFwKlmOUft4Jps3pD3Zc9POMNYV0+mNyKbA4OIcIice32l+BMif8vY6pdg=="
    },
    "node_modules/@fontsource/raleway": {
      "version": "4.5.2",
      "resolved": "https://registry.npmjs.org/@fontsource/raleway/-/raleway-4.5.2.tgz",
      "integrity": "sha512-PH2h2+080pp9p2a53GL9aVZKfRypyL1Tv+j0DXIJb5Ds/paNqE2R68DyY5N1lL+67nvJYFdswHtnTvwcFFp2Iw=="
    },
    "node_modules/@juggle/resize-observer": {
      "version": "3.3.1",
      "resolved": "https://registry.npmjs.org/@juggle/resize-observer/-/resize-observer-3.3.1.tgz",
      "integrity": "sha512-zMM9Ds+SawiUkakS7y94Ymqx+S0ORzpG3frZirN3l+UlXUmSUR7hF4wxCVqW+ei94JzV5kt0uXBcoOEAuiydrw=="
    },
    "node_modules/axios": {
      "version": "0.25.0",
      "resolved": "https://registry.npmjs.org/axios/-/axios-0.25.0.tgz",
      "integrity": "sha512-cD8FOb0tRH3uuEe6+evtAbgJtfxr7ly3fQjYcMcuPlgkwVS9xboaVIpcDV+cYQe+yGykgwZCs1pzjntcGa6l5g==",
      "dependencies": {
        "follow-redirects": "^1.14.7"
      }
    },
    "node_modules/axios-delay": {
      "version": "1.0.0-rc6",
      "resolved": "https://registry.npmjs.org/axios-delay/-/axios-delay-1.0.0-rc6.tgz",
      "integrity": "sha512-l52QkvPb3/T1b5NqyjhXt3LU5lkYOSn0AFb9tXI8qApBv9kGvLQj0PG69s7T9aVtJDMsKakekIMNhJMyXzTJZg==",
      "dependencies": {
        "axios": "^0.18.0"
      }
    },
    "node_modules/axios-delay/node_modules/axios": {
      "version": "0.18.1",
      "resolved": "https://registry.npmjs.org/axios/-/axios-0.18.1.tgz",
      "integrity": "sha512-0BfJq4NSfQXd+SkFdrvFbG7addhYSBA2mQwISr46pD6E5iqkWg02RAs8vyTT/j0RTnoYmeXauBuSv1qKwR179g==",
      "deprecated": "Critical security vulnerability fixed in v0.21.1. For more information, see https://github.com/axios/axios/pull/3410",
      "dependencies": {
        "follow-redirects": "1.5.10",
        "is-buffer": "^2.0.2"
      }
    },
    "node_modules/axios-delay/node_modules/follow-redirects": {
      "version": "1.5.10",
      "resolved": "https://registry.npmjs.org/follow-redirects/-/follow-redirects-1.5.10.tgz",
      "integrity": "sha512-0V5l4Cizzvqt5D44aTXbFZz+FtyXV1vrDN6qrelxtfYQKW0KO0W2T/hkE8xvGa/540LkZlkaUjO4ailYTFtHVQ==",
      "dependencies": {
        "debug": "=3.1.0"
      },
      "engines": {
        "node": ">=4.0"
      }
    },
    "node_modules/debug": {
      "version": "3.1.0",
      "resolved": "https://registry.npmjs.org/debug/-/debug-3.1.0.tgz",
      "integrity": "sha512-OX8XqP7/1a9cqkxYw2yXss15f26NKWBpDXQd0/uK/KPqdQhxbPa994hnzjcE2VqQpDslf55723cKPUOGSmMY3g==",
      "dependencies": {
        "ms": "2.0.0"
      }
    },
    "node_modules/deep-freeze": {
      "version": "0.0.1",
      "resolved": "https://registry.npmjs.org/deep-freeze/-/deep-freeze-0.0.1.tgz",
      "integrity": "sha1-OgsABd4YZygZ39OM0x+RF5yJPoQ="
    },
    "node_modules/deepmerge": {
      "version": "2.2.1",
      "resolved": "https://registry.npmjs.org/deepmerge/-/deepmerge-2.2.1.tgz",
      "integrity": "sha512-R9hc1Xa/NOBi9WRVUWg19rl1UB7Tt4kuPd+thNJgFZoxXsTz7ncaPaeIm+40oSGuP33DfMb4sZt1QIGiJzC4EA==",
      "engines": {
        "node": ">=0.10.0"
      }
    },
    "node_modules/equals": {
      "version": "1.0.5",
      "resolved": "https://registry.npmjs.org/equals/-/equals-1.0.5.tgz",
      "integrity": "sha1-ISBi3eXhpRDZVfE1mO/MamIbas4=",
      "dependencies": {
        "jkroso-type": "1"
      }
    },
    "node_modules/eventemitter3": {
      "version": "3.1.2",
      "resolved": "https://registry.npmjs.org/eventemitter3/-/eventemitter3-3.1.2.tgz",
      "integrity": "sha512-tvtQIeLVHjDkJYnzf2dgVMxfuSGJeM/7UCG17TT4EumTfNtF+0nebF/4zWOIkCreAbtNqhGEboB6BWrwqNaw4Q=="
    },
    "node_modules/follow-redirects": {
      "version": "1.14.7",
      "resolved": "https://registry.npmjs.org/follow-redirects/-/follow-redirects-1.14.7.tgz",
      "integrity": "sha512-+hbxoLbFMbRKDwohX8GkTataGqO6Jb7jGwpAlwgy2bIz25XtRm7KEzJM76R1WiNT5SwZkX4Y75SwBolkpmE7iQ==",
      "funding": [
        {
          "type": "individual",
          "url": "https://github.com/sponsors/RubenVerborgh"
        }
      ],
      "engines": {
        "node": ">=4.0"
      },
      "peerDependenciesMeta": {
        "debug": {
          "optional": true
        }
      }
    },
    "node_modules/fontfaceobserver": {
      "version": "2.1.0",
      "resolved": "https://registry.npmjs.org/fontfaceobserver/-/fontfaceobserver-2.1.0.tgz",
      "integrity": "sha512-ReOsO2F66jUa0jmv2nlM/s1MiutJx/srhAe2+TE8dJCMi02ZZOcCTxTCQFr3Yet+uODUtnr4Mewg+tNQ+4V1Ng=="
    },
    "node_modules/framer": {
      "version": "2.0.0",
      "resolved": "https://registry.npmjs.org/framer/-/framer-2.0.0.tgz",
      "integrity": "sha512-raN8p8JIkUpiDZdAecx9LfwRVYaWZdUlAMdBsjJvEikehjYSp1bbe93zky/W372H0IVEGjYksup+M4HEogg6EQ==",
      "hasInstallScript": true,
      "dependencies": {
        "@juggle/resize-observer": "^3.3.1",
        "eventemitter3": "^3.1.0",
        "fontfaceobserver": "^2.1.0",
        "hoist-non-react-statics": "^2.5.0",
        "hsluv": "^0.0.3"
      },
      "peerDependencies": {
        "framer-motion": "^5.0.0-beta.38",
        "react": "^17.0.2",
        "react-dom": "^17.0.2"
      }
    },
    "node_modules/gsap": {
      "version": "3.9.1",
      "resolved": "https://registry.npmjs.org/gsap/-/gsap-3.9.1.tgz",
      "integrity": "sha512-JSGVYoC6da4pIjdF/yxFU6Rz8OojOIDkbooveZlfNg0+JIoFoRruyfWAEi6R/gUeNcuOiTqUIb0gi1nCNrHf8w=="
    },
    "node_modules/hoist-non-react-statics": {
      "version": "2.5.5",
      "resolved": "https://registry.npmjs.org/hoist-non-react-statics/-/hoist-non-react-statics-2.5.5.tgz",
      "integrity": "sha512-rqcy4pJo55FTTLWt+bU8ukscqHeE/e9KWvsOW2b/a3afxQZhwkQdT1rPPCJ0rYXdj4vNcasY8zHTH+jF/qStxw=="
    },
    "node_modules/hsluv": {
      "version": "0.0.3",
      "resolved": "https://registry.npmjs.org/hsluv/-/hsluv-0.0.3.tgz",
      "integrity": "sha1-gpEH2vtKn4tSoYCe0C4JHq3mdUw="
    },
    "node_modules/is-buffer": {
      "version": "2.0.5",
      "resolved": "https://registry.npmjs.org/is-buffer/-/is-buffer-2.0.5.tgz",
      "integrity": "sha512-i2R6zNFDwgEHJyQUtJEk0XFi1i0dPFn/oqjK3/vPCcDeJvW5NQ83V8QbicfF1SupOaB0h8ntgBC2YiE7dfyctQ==",
      "funding": [
        {
          "type": "github",
          "url": "https://github.com/sponsors/feross"
        },
        {
          "type": "patreon",
          "url": "https://www.patreon.com/feross"
        },
        {
          "type": "consulting",
          "url": "https://feross.org/support"
        }
      ],
      "engines": {
        "node": ">=4"
      }
    },
    "node_modules/jkroso-type": {
      "version": "1.1.1",
      "resolved": "https://registry.npmjs.org/jkroso-type/-/jkroso-type-1.1.1.tgz",
      "integrity": "sha1-vEztbWxF/gdFKCuvyGqfjE/JzmE="
    },
    "node_modules/js-tokens": {
      "version": "4.0.0",
      "resolved": "https://registry.npmjs.org/js-tokens/-/js-tokens-4.0.0.tgz",
      "integrity": "sha512-RdJUflcE3cUzKiMqQgsCu06FPu9UdIJO0beYbPhHN4k6apgJtifcoCtT9bcxOpYBtpD2kCM6Sbzg4CausW/PKQ=="
    },
    "node_modules/loose-envify": {
      "version": "1.4.0",
      "resolved": "https://registry.npmjs.org/loose-envify/-/loose-envify-1.4.0.tgz",
      "integrity": "sha512-lyuxPGr/Wfhrlem2CL/UcnUc1zcqKAImBDzukY7Y5F/yQiNdko6+fRLevlw1HgMySw7f611UIY408EtxRSoK3Q==",
      "dependencies": {
        "js-tokens": "^3.0.0 || ^4.0.0"
      },
      "bin": {
        "loose-envify": "cli.js"
      }
    },
    "node_modules/ms": {
      "version": "2.0.0",
      "resolved": "https://registry.npmjs.org/ms/-/ms-2.0.0.tgz",
      "integrity": "sha1-VgiurfwAvmwpAd9fmGF4jeDVl8g="
    },
    "node_modules/object-assign": {
      "version": "4.1.1",
      "resolved": "https://registry.npmjs.org/object-assign/-/object-assign-4.1.1.tgz",
      "integrity": "sha1-IQmtx5ZYh8/AXLvUQsrIv7s2CGM=",
      "engines": {
        "node": ">=0.10.0"
      }
    },
    "node_modules/prop-types": {
      "version": "15.8.1",
      "resolved": "https://registry.npmjs.org/prop-types/-/prop-types-15.8.1.tgz",
      "integrity": "sha512-oj87CgZICdulUohogVAR7AjlC0327U4el4L6eAvOqCeudMDVU0NThNaV+b9Df4dXgSP1gXMTnPdhfe/2qDH5cg==",
      "dependencies": {
        "loose-envify": "^1.4.0",
        "object-assign": "^4.1.1",
        "react-is": "^16.13.1"
      }
    },
    "node_modules/pure-react-carousel": {
      "version": "1.28.1",
      "resolved": "https://registry.npmjs.org/pure-react-carousel/-/pure-react-carousel-1.28.1.tgz",
      "integrity": "sha512-adOMhlGLxHiQxHwJvBgFJ6SXTM2UPuMv6tO10wsJzvQCdnCXcN5bRYIem5f55WQpwr9X0Bbb9ORw41KbGpAJWQ==",
      "dependencies": {
        "@babel/runtime": "^7.5.5",
        "deep-freeze": "0.0.1",
        "deepmerge": "^2.2.1",
        "equals": "^1.0.5",
        "prop-types": "^15.6.2"
      },
      "peerDependencies": {
        "react": "15.x || 16.x || 17.x",
        "react-dom": "15.x || 16.x || 17.x"
      }
    },
    "node_modules/react": {
      "version": "17.0.2",
      "resolved": "https://registry.npmjs.org/react/-/react-17.0.2.tgz",
      "integrity": "sha512-gnhPt75i/dq/z3/6q/0asP78D0u592D5L1pd7M8P+dck6Fu/jJeL6iVVK23fptSUZj8Vjf++7wXA8UNclGQcbA==",
      "peer": true,
      "dependencies": {
        "loose-envify": "^1.1.0",
        "object-assign": "^4.1.1"
      },
      "engines": {
        "node": ">=0.10.0"
      }
    },
    "node_modules/react-card-rotate-swiper": {
      "version": "0.0.14",
      "resolved": "https://registry.npmjs.org/react-card-rotate-swiper/-/react-card-rotate-swiper-0.0.14.tgz",
      "integrity": "sha512-jVQjX55NTNbVrmZC7tVczY7ee4er69tZCWYjYrY4CIGVMdRFJa+G+bErbOrIMiG3Ri7BIIDXC6V1uf7xMqQiuQ==",
      "dependencies": {
        "gsap": "^3.8.0"
      },
      "peerDependencies": {
        "react": ">=17.0.2",
        "react-dom": ">=17.0.2",
        "styled-components": ">=5.3.0"
      }
    },
    "node_modules/react-dom": {
      "version": "17.0.2",
      "resolved": "https://registry.npmjs.org/react-dom/-/react-dom-17.0.2.tgz",
      "integrity": "sha512-s4h96KtLDUQlsENhMn1ar8t2bEa+q/YAtj8pPPdIjPDGBDIVNsrD9aXNWqspUe6AzKCIG0C1HZZLqLV7qpOBGA==",
      "peer": true,
      "dependencies": {
        "loose-envify": "^1.1.0",
        "object-assign": "^4.1.1",
        "scheduler": "^0.20.2"
      },
      "peerDependencies": {
        "react": "17.0.2"
      }
    },
    "node_modules/react-is": {
      "version": "16.13.1",
      "resolved": "https://registry.npmjs.org/react-is/-/react-is-16.13.1.tgz",
      "integrity": "sha512-24e6ynE2H+OKt4kqsOvNd8kBpV65zoxbA4BVsEOB3ARVWQki/DHzaUoC5KuON/BiccDaCCTZBuOcfZs70kR8bQ=="
    },
    "node_modules/react-loader-spinner": {
      "version": "5.1.2",
      "resolved": "https://registry.npmjs.org/react-loader-spinner/-/react-loader-spinner-5.1.2.tgz",
      "integrity": "sha512-uQ6bKEjvTrvTUcBW79dSiCTdtPf+6XOYWhOqDRByMb1SkiUtxctkQZvSu7dnPAE8J5j554KSFnnjOhOoWrJrxg==",
      "peerDependencies": {
        "react": "^16.0.0 || ^17.0.0",
        "react-dom": "^16.0.0 || ^17.0.0"
      }
    },
    "node_modules/react-multi-carousel": {
      "version": "2.8.0",
      "resolved": "https://registry.npmjs.org/react-multi-carousel/-/react-multi-carousel-2.8.0.tgz",
      "integrity": "sha512-xuxQVGGiH8yWDDWgt9Z9+C+zzoACuBT740cV+6To52DYCwLlQGJIntDFLOCqMsO85Ist1x+630HA8lazb/a/tA==",
      "dev": true,
      "engines": {
        "node": ">=8"
      }
    },
    "node_modules/regenerator-runtime": {
      "version": "0.13.9",
      "resolved": "https://registry.npmjs.org/regenerator-runtime/-/regenerator-runtime-0.13.9.tgz",
      "integrity": "sha512-p3VT+cOEgxFsRRA9X4lkI1E+k2/CtnKtU4gcxyaCUreilL/vqI6CdZ3wxVUx3UOUg+gnUOQQcRI7BmSI656MYA=="
    },
    "node_modules/scheduler": {
      "version": "0.20.2",
      "resolved": "https://registry.npmjs.org/scheduler/-/scheduler-0.20.2.tgz",
      "integrity": "sha512-2eWfGgAqqWFGqtdMmcL5zCMK1U8KlXv8SQFGglL3CEtd0aDVDWgeF/YoCmvln55m5zSk3J/20hTaSBeSObsQDQ==",
      "peer": true,
      "dependencies": {
        "loose-envify": "^1.1.0",
        "object-assign": "^4.1.1"
      }
    }
  },
  "dependencies": {
    "@babel/runtime": {
      "version": "7.17.2",
      "resolved": "https://registry.npmjs.org/@babel/runtime/-/runtime-7.17.2.tgz",
      "integrity": "sha512-hzeyJyMA1YGdJTuWU0e/j4wKXrU4OMFvY2MSlaI9B7VQb0r5cxTE3EAIS2Q7Tn2RIcDkRvTA/v2JsAEhxe99uw==",
      "requires": {
        "regenerator-runtime": "^0.13.4"
      }
    },
    "@fontsource/open-sans": {
      "version": "4.5.4",
      "resolved": "https://registry.npmjs.org/@fontsource/open-sans/-/open-sans-4.5.4.tgz",
      "integrity": "sha512-iaEuU7l3VGA/bqWW9UsBD2bgFwCwDFwKlmOUft4Jps3pD3Zc9POMNYV0+mNyKbA4OIcIice32l+BMif8vY6pdg=="
    },
    "@fontsource/raleway": {
      "version": "4.5.2",
      "resolved": "https://registry.npmjs.org/@fontsource/raleway/-/raleway-4.5.2.tgz",
      "integrity": "sha512-PH2h2+080pp9p2a53GL9aVZKfRypyL1Tv+j0DXIJb5Ds/paNqE2R68DyY5N1lL+67nvJYFdswHtnTvwcFFp2Iw=="
    },
    "@juggle/resize-observer": {
      "version": "3.3.1",
      "resolved": "https://registry.npmjs.org/@juggle/resize-observer/-/resize-observer-3.3.1.tgz",
      "integrity": "sha512-zMM9Ds+SawiUkakS7y94Ymqx+S0ORzpG3frZirN3l+UlXUmSUR7hF4wxCVqW+ei94JzV5kt0uXBcoOEAuiydrw=="
    },
    "axios": {
      "version": "0.25.0",
      "resolved": "https://registry.npmjs.org/axios/-/axios-0.25.0.tgz",
      "integrity": "sha512-cD8FOb0tRH3uuEe6+evtAbgJtfxr7ly3fQjYcMcuPlgkwVS9xboaVIpcDV+cYQe+yGykgwZCs1pzjntcGa6l5g==",
      "requires": {
        "follow-redirects": "^1.14.7"
      }
    },
    "axios-delay": {
      "version": "1.0.0-rc6",
      "resolved": "https://registry.npmjs.org/axios-delay/-/axios-delay-1.0.0-rc6.tgz",
      "integrity": "sha512-l52QkvPb3/T1b5NqyjhXt3LU5lkYOSn0AFb9tXI8qApBv9kGvLQj0PG69s7T9aVtJDMsKakekIMNhJMyXzTJZg==",
      "requires": {
        "axios": "^0.18.0"
      },
      "dependencies": {
        "axios": {
          "version": "0.18.1",
          "resolved": "https://registry.npmjs.org/axios/-/axios-0.18.1.tgz",
          "integrity": "sha512-0BfJq4NSfQXd+SkFdrvFbG7addhYSBA2mQwISr46pD6E5iqkWg02RAs8vyTT/j0RTnoYmeXauBuSv1qKwR179g==",
          "requires": {
            "follow-redirects": "1.5.10",
            "is-buffer": "^2.0.2"
          }
        },
        "follow-redirects": {
          "version": "1.5.10",
          "resolved": "https://registry.npmjs.org/follow-redirects/-/follow-redirects-1.5.10.tgz",
          "integrity": "sha512-0V5l4Cizzvqt5D44aTXbFZz+FtyXV1vrDN6qrelxtfYQKW0KO0W2T/hkE8xvGa/540LkZlkaUjO4ailYTFtHVQ==",
          "requires": {
            "debug": "=3.1.0"
          }
        }
      }
    },
    "debug": {
      "version": "3.1.0",
      "resolved": "https://registry.npmjs.org/debug/-/debug-3.1.0.tgz",
      "integrity": "sha512-OX8XqP7/1a9cqkxYw2yXss15f26NKWBpDXQd0/uK/KPqdQhxbPa994hnzjcE2VqQpDslf55723cKPUOGSmMY3g==",
      "requires": {
        "ms": "2.0.0"
      }
    },
    "deep-freeze": {
      "version": "0.0.1",
      "resolved": "https://registry.npmjs.org/deep-freeze/-/deep-freeze-0.0.1.tgz",
      "integrity": "sha1-OgsABd4YZygZ39OM0x+RF5yJPoQ="
    },
    "deepmerge": {
      "version": "2.2.1",
      "resolved": "https://registry.npmjs.org/deepmerge/-/deepmerge-2.2.1.tgz",
      "integrity": "sha512-R9hc1Xa/NOBi9WRVUWg19rl1UB7Tt4kuPd+thNJgFZoxXsTz7ncaPaeIm+40oSGuP33DfMb4sZt1QIGiJzC4EA=="
    },
    "equals": {
      "version": "1.0.5",
      "resolved": "https://registry.npmjs.org/equals/-/equals-1.0.5.tgz",
      "integrity": "sha1-ISBi3eXhpRDZVfE1mO/MamIbas4=",
      "requires": {
        "jkroso-type": "1"
      }
    },
    "eventemitter3": {
      "version": "3.1.2",
      "resolved": "https://registry.npmjs.org/eventemitter3/-/eventemitter3-3.1.2.tgz",
      "integrity": "sha512-tvtQIeLVHjDkJYnzf2dgVMxfuSGJeM/7UCG17TT4EumTfNtF+0nebF/4zWOIkCreAbtNqhGEboB6BWrwqNaw4Q=="
    },
    "follow-redirects": {
      "version": "1.14.7",
      "resolved": "https://registry.npmjs.org/follow-redirects/-/follow-redirects-1.14.7.tgz",
      "integrity": "sha512-+hbxoLbFMbRKDwohX8GkTataGqO6Jb7jGwpAlwgy2bIz25XtRm7KEzJM76R1WiNT5SwZkX4Y75SwBolkpmE7iQ=="
    },
    "fontfaceobserver": {
      "version": "2.1.0",
      "resolved": "https://registry.npmjs.org/fontfaceobserver/-/fontfaceobserver-2.1.0.tgz",
      "integrity": "sha512-ReOsO2F66jUa0jmv2nlM/s1MiutJx/srhAe2+TE8dJCMi02ZZOcCTxTCQFr3Yet+uODUtnr4Mewg+tNQ+4V1Ng=="
    },
    "framer": {
      "version": "2.0.0",
      "resolved": "https://registry.npmjs.org/framer/-/framer-2.0.0.tgz",
      "integrity": "sha512-raN8p8JIkUpiDZdAecx9LfwRVYaWZdUlAMdBsjJvEikehjYSp1bbe93zky/W372H0IVEGjYksup+M4HEogg6EQ==",
      "requires": {
        "@juggle/resize-observer": "^3.3.1",
        "eventemitter3": "^3.1.0",
        "fontfaceobserver": "^2.1.0",
        "hoist-non-react-statics": "^2.5.0",
        "hsluv": "^0.0.3"
      }
    },
    "gsap": {
      "version": "3.9.1",
      "resolved": "https://registry.npmjs.org/gsap/-/gsap-3.9.1.tgz",
      "integrity": "sha512-JSGVYoC6da4pIjdF/yxFU6Rz8OojOIDkbooveZlfNg0+JIoFoRruyfWAEi6R/gUeNcuOiTqUIb0gi1nCNrHf8w=="
    },
    "hoist-non-react-statics": {
      "version": "2.5.5",
      "resolved": "https://registry.npmjs.org/hoist-non-react-statics/-/hoist-non-react-statics-2.5.5.tgz",
      "integrity": "sha512-rqcy4pJo55FTTLWt+bU8ukscqHeE/e9KWvsOW2b/a3afxQZhwkQdT1rPPCJ0rYXdj4vNcasY8zHTH+jF/qStxw=="
    },
    "hsluv": {
      "version": "0.0.3",
      "resolved": "https://registry.npmjs.org/hsluv/-/hsluv-0.0.3.tgz",
      "integrity": "sha1-gpEH2vtKn4tSoYCe0C4JHq3mdUw="
    },
    "is-buffer": {
      "version": "2.0.5",
      "resolved": "https://registry.npmjs.org/is-buffer/-/is-buffer-2.0.5.tgz",
      "integrity": "sha512-i2R6zNFDwgEHJyQUtJEk0XFi1i0dPFn/oqjK3/vPCcDeJvW5NQ83V8QbicfF1SupOaB0h8ntgBC2YiE7dfyctQ=="
    },
    "jkroso-type": {
      "version": "1.1.1",
      "resolved": "https://registry.npmjs.org/jkroso-type/-/jkroso-type-1.1.1.tgz",
      "integrity": "sha1-vEztbWxF/gdFKCuvyGqfjE/JzmE="
    },
    "js-tokens": {
      "version": "4.0.0",
      "resolved": "https://registry.npmjs.org/js-tokens/-/js-tokens-4.0.0.tgz",
      "integrity": "sha512-RdJUflcE3cUzKiMqQgsCu06FPu9UdIJO0beYbPhHN4k6apgJtifcoCtT9bcxOpYBtpD2kCM6Sbzg4CausW/PKQ=="
    },
    "loose-envify": {
      "version": "1.4.0",
      "resolved": "https://registry.npmjs.org/loose-envify/-/loose-envify-1.4.0.tgz",
      "integrity": "sha512-lyuxPGr/Wfhrlem2CL/UcnUc1zcqKAImBDzukY7Y5F/yQiNdko6+fRLevlw1HgMySw7f611UIY408EtxRSoK3Q==",
      "requires": {
        "js-tokens": "^3.0.0 || ^4.0.0"
      }
    },
    "ms": {
      "version": "2.0.0",
      "resolved": "https://registry.npmjs.org/ms/-/ms-2.0.0.tgz",
      "integrity": "sha1-VgiurfwAvmwpAd9fmGF4jeDVl8g="
    },
    "object-assign": {
      "version": "4.1.1",
      "resolved": "https://registry.npmjs.org/object-assign/-/object-assign-4.1.1.tgz",
      "integrity": "sha1-IQmtx5ZYh8/AXLvUQsrIv7s2CGM="
    },
    "prop-types": {
      "version": "15.8.1",
      "resolved": "https://registry.npmjs.org/prop-types/-/prop-types-15.8.1.tgz",
      "integrity": "sha512-oj87CgZICdulUohogVAR7AjlC0327U4el4L6eAvOqCeudMDVU0NThNaV+b9Df4dXgSP1gXMTnPdhfe/2qDH5cg==",
      "requires": {
        "loose-envify": "^1.4.0",
        "object-assign": "^4.1.1",
        "react-is": "^16.13.1"
      }
    },
    "pure-react-carousel": {
      "version": "1.28.1",
      "resolved": "https://registry.npmjs.org/pure-react-carousel/-/pure-react-carousel-1.28.1.tgz",
      "integrity": "sha512-adOMhlGLxHiQxHwJvBgFJ6SXTM2UPuMv6tO10wsJzvQCdnCXcN5bRYIem5f55WQpwr9X0Bbb9ORw41KbGpAJWQ==",
      "requires": {
        "@babel/runtime": "^7.5.5",
        "deep-freeze": "0.0.1",
        "deepmerge": "^2.2.1",
        "equals": "^1.0.5",
        "prop-types": "^15.6.2"
      }
    },
    "react": {
      "version": "17.0.2",
      "resolved": "https://registry.npmjs.org/react/-/react-17.0.2.tgz",
      "integrity": "sha512-gnhPt75i/dq/z3/6q/0asP78D0u592D5L1pd7M8P+dck6Fu/jJeL6iVVK23fptSUZj8Vjf++7wXA8UNclGQcbA==",
      "peer": true,
      "requires": {
        "loose-envify": "^1.1.0",
        "object-assign": "^4.1.1"
      }
    },
    "react-card-rotate-swiper": {
      "version": "0.0.14",
      "resolved": "https://registry.npmjs.org/react-card-rotate-swiper/-/react-card-rotate-swiper-0.0.14.tgz",
      "integrity": "sha512-jVQjX55NTNbVrmZC7tVczY7ee4er69tZCWYjYrY4CIGVMdRFJa+G+bErbOrIMiG3Ri7BIIDXC6V1uf7xMqQiuQ==",
      "requires": {
        "gsap": "^3.8.0"
      }
    },
    "react-dom": {
      "version": "17.0.2",
      "resolved": "https://registry.npmjs.org/react-dom/-/react-dom-17.0.2.tgz",
      "integrity": "sha512-s4h96KtLDUQlsENhMn1ar8t2bEa+q/YAtj8pPPdIjPDGBDIVNsrD9aXNWqspUe6AzKCIG0C1HZZLqLV7qpOBGA==",
      "peer": true,
      "requires": {
        "loose-envify": "^1.1.0",
        "object-assign": "^4.1.1",
        "scheduler": "^0.20.2"
      }
    },
    "react-is": {
      "version": "16.13.1",
      "resolved": "https://registry.npmjs.org/react-is/-/react-is-16.13.1.tgz",
      "integrity": "sha512-24e6ynE2H+OKt4kqsOvNd8kBpV65zoxbA4BVsEOB3ARVWQki/DHzaUoC5KuON/BiccDaCCTZBuOcfZs70kR8bQ=="
    },
    "react-loader-spinner": {
      "version": "5.1.2",
      "resolved": "https://registry.npmjs.org/react-loader-spinner/-/react-loader-spinner-5.1.2.tgz",
      "integrity": "sha512-uQ6bKEjvTrvTUcBW79dSiCTdtPf+6XOYWhOqDRByMb1SkiUtxctkQZvSu7dnPAE8J5j554KSFnnjOhOoWrJrxg==",
      "requires": {}
    },
    "react-multi-carousel": {
      "version": "2.8.0",
      "resolved": "https://registry.npmjs.org/react-multi-carousel/-/react-multi-carousel-2.8.0.tgz",
      "integrity": "sha512-xuxQVGGiH8yWDDWgt9Z9+C+zzoACuBT740cV+6To52DYCwLlQGJIntDFLOCqMsO85Ist1x+630HA8lazb/a/tA==",
      "dev": true
    },
    "regenerator-runtime": {
      "version": "0.13.9",
      "resolved": "https://registry.npmjs.org/regenerator-runtime/-/regenerator-runtime-0.13.9.tgz",
      "integrity": "sha512-p3VT+cOEgxFsRRA9X4lkI1E+k2/CtnKtU4gcxyaCUreilL/vqI6CdZ3wxVUx3UOUg+gnUOQQcRI7BmSI656MYA=="
    },
    "scheduler": {
      "version": "0.20.2",
      "resolved": "https://registry.npmjs.org/scheduler/-/scheduler-0.20.2.tgz",
      "integrity": "sha512-2eWfGgAqqWFGqtdMmcL5zCMK1U8KlXv8SQFGglL3CEtd0aDVDWgeF/YoCmvln55m5zSk3J/20hTaSBeSObsQDQ==",
      "peer": true,
      "requires": {
        "loose-envify": "^1.1.0",
        "object-assign": "^4.1.1"
      }
    }
  }
}
